
Microsoft Visual Studio Solution File, Format Version 12.00
# Visual Studio 15
VisualStudioVersion = 15.0.28307.421
MinimumVisualStudioVersion = 10.0.40219.1
Project("{FAE04EC0-301F-11D3-BF4B-00C04F79EFBC}") = "DataBase_First", "DataBase_First\DataBase_First.csproj", "{9A7299E4-5E24-4BA3-B6CD-DB7AD3D1D5B7}"
EndProject
Project("{FAE04EC0-301F-11D3-BF4B-00C04F79EFBC}") = "Model_First", "Model_First\Model_First.csproj", "{236BFF50-9532-40E6-A839-ECA13B36BFCE}"
EndProject
Global
	GlobalSection(SolutionConfigurationPlatforms) = preSolution
		Debug|Any CPU = Debug|Any CPU
		Release|Any CPU = Release|Any CPU
	EndGlobalSection
	GlobalSection(ProjectConfigurationPlatforms) = postSolution
		{9A7299E4-5E24-4BA3-B6CD-DB7AD3D1D5B7}.Debug|Any CPU.ActiveCfg = Debug|Any CPU
		{9A7299E4-5E24-4BA3-B6CD-DB7AD3D1D5B7}.Debug|Any CPU.Build.0 = Debug|Any CPU
		{9A7299E4-5E24-4BA3-B6CD-DB7AD3D1D5B7}.Release|Any CPU.ActiveCfg = Release|Any CPU
		{9A7299E4-5E24-4BA3-B6CD-DB7AD3D1D5B7}.Release|Any CPU.Build.0 = Release|Any CPU
		{236BFF50-9532-40E6-A839-ECA13B36BFCE}.Debug|Any CPU.ActiveCfg = Debug|Any CPU
		{236BFF50-9532-40E6-A839-ECA13B36BFCE}.Debug|Any CPU.Build.0 = Debug|Any CPU
		{236BFF50-9532-40E6-A839-ECA13B36BFCE}.Release|Any CPU.ActiveCfg = Release|Any CPU
		{236BFF50-9532-40E6-A839-ECA13B36BFCE}.Release|Any CPU.Build.0 = Release|Any CPU
	EndGlobalSection
	GlobalSection(SolutionProperties) = preSolution
		HideSolutionNode = FALSE
	EndGlobalSection
	GlobalSection(ExtensibilityGlobals) = postSolution
		SolutionGuid = {93641759-0DC3-4984-9E49-3F7E745E9251}
	EndGlobalSection
EndGlobal
